// !$*UTF8*$!
{
	archiveVersion = 1;
	classes = {
	};
	objectVersion = 55;
	objects = {

/* Begin PBXBuildFile section */
		2B3CF03E281CD764004BC845 /* Tests_iOS.swift in Sources */ = {isa = PBXBuildFile; fileRef = 2B3CF03D281CD764004BC845 /* Tests_iOS.swift */; };
		2B3CF040281CD764004BC845 /* Tests_iOSLaunchTests.swift in Sources */ = {isa = PBXBuildFile; fileRef = 2B3CF03F281CD764004BC845 /* Tests_iOSLaunchTests.swift */; };
		2B3CF04A281CD764004BC845 /* Tests_macOS.swift in Sources */ = {isa = PBXBuildFile; fileRef = 2B3CF049281CD764004BC845 /* Tests_macOS.swift */; };
		2B3CF04C281CD764004BC845 /* Tests_macOSLaunchTests.swift in Sources */ = {isa = PBXBuildFile; fileRef = 2B3CF04B281CD764004BC845 /* Tests_macOSLaunchTests.swift */; };
		2B3CF04D281CD764004BC845 /* ManhattanProjectReedApp.swift in Sources */ = {isa = PBXBuildFile; fileRef = 2B3CF025281CD762004BC845 /* ManhattanProjectReedApp.swift */; };
		2B3CF04E281CD764004BC845 /* ManhattanProjectReedApp.swift in Sources */ = {isa = PBXBuildFile; fileRef = 2B3CF025281CD762004BC845 /* ManhattanProjectReedApp.swift */; };
		2B3CF04F281CD764004BC845 /* ContentView.swift in Sources */ = {isa = PBXBuildFile; fileRef = 2B3CF026281CD762004BC845 /* ContentView.swift */; };
		2B3CF050281CD764004BC845 /* ContentView.swift in Sources */ = {isa = PBXBuildFile; fileRef = 2B3CF026281CD762004BC845 /* ContentView.swift */; };
		2B3CF051281CD764004BC845 /* Assets.xcassets in Resources */ = {isa = PBXBuildFile; fileRef = 2B3CF027281CD764004BC845 /* Assets.xcassets */; };
		2B3CF052281CD764004BC845 /* Assets.xcassets in Resources */ = {isa = PBXBuildFile; fileRef = 2B3CF027281CD764004BC845 /* Assets.xcassets */; };
		2B3CF072281CD856004BC845 /* Untamped.swift in Sources */ = {isa = PBXBuildFile; fileRef = 2B3CF066281CD855004BC845 /* Untamped.swift */; };
		2B3CF073281CD856004BC845 /* Untamped.swift in Sources */ = {isa = PBXBuildFile; fileRef = 2B3CF066281CD855004BC845 /* Untamped.swift */; };
		2B3CF074281CD856004BC845 /* Untamped.swift in Sources */ = {isa = PBXBuildFile; fileRef = 2B3CF066281CD855004BC845 /* Untamped.swift */; };
		2B3CF075281CD856004BC845 /* Untamped.swift in Sources */ = {isa = PBXBuildFile; fileRef = 2B3CF066281CD855004BC845 /* Untamped.swift */; };
		2B3CF076281CD856004BC845 /* Tamped.swift in Sources */ = {isa = PBXBuildFile; fileRef = 2B3CF067281CD855004BC845 /* Tamped.swift */; };
		2B3CF077281CD856004BC845 /* Tamped.swift in Sources */ = {isa = PBXBuildFile; fileRef = 2B3CF067281CD855004BC845 /* Tamped.swift */; };
		2B3CF078281CD856004BC845 /* Tamped.swift in Sources */ = {isa = PBXBuildFile; fileRef = 2B3CF067281CD855004BC845 /* Tamped.swift */; };
		2B3CF079281CD856004BC845 /* Tamped.swift in Sources */ = {isa = PBXBuildFile; fileRef = 2B3CF067281CD855004BC845 /* Tamped.swift */; };
		2B3CF07A281CD856004BC845 /* MonteCarloInt.swift in Sources */ = {isa = PBXBuildFile; fileRef = 2B3CF068281CD855004BC845 /* MonteCarloInt.swift */; };
		2B3CF07B281CD856004BC845 /* MonteCarloInt.swift in Sources */ = {isa = PBXBuildFile; fileRef = 2B3CF068281CD855004BC845 /* MonteCarloInt.swift */; };
		2B3CF07C281CD856004BC845 /* MonteCarloInt.swift in Sources */ = {isa = PBXBuildFile; fileRef = 2B3CF068281CD855004BC845 /* MonteCarloInt.swift */; };
		2B3CF07D281CD856004BC845 /* MonteCarloInt.swift in Sources */ = {isa = PBXBuildFile; fileRef = 2B3CF068281CD855004BC845 /* MonteCarloInt.swift */; };
		2B3CF07E281CD856004BC845 /* DrawingView.swift in Sources */ = {isa = PBXBuildFile; fileRef = 2B3CF069281CD855004BC845 /* DrawingView.swift */; };
		2B3CF07F281CD856004BC845 /* DrawingView.swift in Sources */ = {isa = PBXBuildFile; fileRef = 2B3CF069281CD855004BC845 /* DrawingView.swift */; };
		2B3CF080281CD856004BC845 /* DrawingView.swift in Sources */ = {isa = PBXBuildFile; fileRef = 2B3CF069281CD855004BC845 /* DrawingView.swift */; };
		2B3CF081281CD856004BC845 /* DrawingView.swift in Sources */ = {isa = PBXBuildFile; fileRef = 2B3CF069281CD855004BC845 /* DrawingView.swift */; };
		2B3CF082281CD856004BC845 /* FindingZero.swift in Sources */ = {isa = PBXBuildFile; fileRef = 2B3CF06A281CD855004BC845 /* FindingZero.swift */; };
		2B3CF083281CD856004BC845 /* FindingZero.swift in Sources */ = {isa = PBXBuildFile; fileRef = 2B3CF06A281CD855004BC845 /* FindingZero.swift */; };
		2B3CF084281CD856004BC845 /* FindingZero.swift in Sources */ = {isa = PBXBuildFile; fileRef = 2B3CF06A281CD855004BC845 /* FindingZero.swift */; };
		2B3CF085281CD856004BC845 /* FindingZero.swift in Sources */ = {isa = PBXBuildFile; fileRef = 2B3CF06A281CD855004BC845 /* FindingZero.swift */; };
		2B3CF086281CD856004BC845 /* ChangingPlotParameters.swift in Sources */ = {isa = PBXBuildFile; fileRef = 2B3CF06C281CD855004BC845 /* ChangingPlotParameters.swift */; };
		2B3CF087281CD856004BC845 /* ChangingPlotParameters.swift in Sources */ = {isa = PBXBuildFile; fileRef = 2B3CF06C281CD855004BC845 /* ChangingPlotParameters.swift */; };
		2B3CF088281CD856004BC845 /* ChangingPlotParameters.swift in Sources */ = {isa = PBXBuildFile; fileRef = 2B3CF06C281CD855004BC845 /* ChangingPlotParameters.swift */; };
		2B3CF089281CD856004BC845 /* ChangingPlotParameters.swift in Sources */ = {isa = PBXBuildFile; fileRef = 2B3CF06C281CD855004BC845 /* ChangingPlotParameters.swift */; };
		2B3CF08A281CD856004BC845 /* CorePlot.swift in Sources */ = {isa = PBXBuildFile; fileRef = 2B3CF06D281CD855004BC845 /* CorePlot.swift */; };
		2B3CF08B281CD856004BC845 /* CorePlot.swift in Sources */ = {isa = PBXBuildFile; fileRef = 2B3CF06D281CD855004BC845 /* CorePlot.swift */; };
		2B3CF08C281CD856004BC845 /* CorePlot.swift in Sources */ = {isa = PBXBuildFile; fileRef = 2B3CF06D281CD855004BC845 /* CorePlot.swift */; };
		2B3CF08D281CD856004BC845 /* CorePlot.swift in Sources */ = {isa = PBXBuildFile; fileRef = 2B3CF06D281CD855004BC845 /* CorePlot.swift */; };
		2B3CF08E281CD856004BC845 /* PlotDataClass.swift in Sources */ = {isa = PBXBuildFile; fileRef = 2B3CF06E281CD855004BC845 /* PlotDataClass.swift */; };
		2B3CF08F281CD856004BC845 /* PlotDataClass.swift in Sources */ = {isa = PBXBuildFile; fileRef = 2B3CF06E281CD855004BC845 /* PlotDataClass.swift */; };
		2B3CF090281CD856004BC845 /* PlotDataClass.swift in Sources */ = {isa = PBXBuildFile; fileRef = 2B3CF06E281CD855004BC845 /* PlotDataClass.swift */; };
		2B3CF091281CD856004BC845 /* PlotDataClass.swift in Sources */ = {isa = PBXBuildFile; fileRef = 2B3CF06E281CD855004BC845 /* PlotDataClass.swift */; };
		2B3CF092281CD856004BC845 /* PlotClass.swift in Sources */ = {isa = PBXBuildFile; fileRef = 2B3CF06F281CD855004BC845 /* PlotClass.swift */; };
		2B3CF093281CD856004BC845 /* PlotClass.swift in Sources */ = {isa = PBXBuildFile; fileRef = 2B3CF06F281CD855004BC845 /* PlotClass.swift */; };
		2B3CF094281CD856004BC845 /* PlotClass.swift in Sources */ = {isa = PBXBuildFile; fileRef = 2B3CF06F281CD855004BC845 /* PlotClass.swift */; };
		2B3CF095281CD856004BC845 /* PlotClass.swift in Sources */ = {isa = PBXBuildFile; fileRef = 2B3CF06F281CD855004BC845 /* PlotClass.swift */; };
		2B3CF096281CD856004BC845 /* NeutronSpectrum.swift in Sources */ = {isa = PBXBuildFile; fileRef = 2B3CF070281CD855004BC845 /* NeutronSpectrum.swift */; };
		2B3CF097281CD856004BC845 /* NeutronSpectrum.swift in Sources */ = {isa = PBXBuildFile; fileRef = 2B3CF070281CD855004BC845 /* NeutronSpectrum.swift */; };
		2B3CF098281CD856004BC845 /* NeutronSpectrum.swift in Sources */ = {isa = PBXBuildFile; fileRef = 2B3CF070281CD855004BC845 /* NeutronSpectrum.swift */; };
		2B3CF099281CD856004BC845 /* NeutronSpectrum.swift in Sources */ = {isa = PBXBuildFile; fileRef = 2B3CF070281CD855004BC845 /* NeutronSpectrum.swift */; };
		2B3CF09A281CD856004BC845 /* Efficiency.swift in Sources */ = {isa = PBXBuildFile; fileRef = 2B3CF071281CD855004BC845 /* Efficiency.swift */; };
		2B3CF09B281CD856004BC845 /* Efficiency.swift in Sources */ = {isa = PBXBuildFile; fileRef = 2B3CF071281CD855004BC845 /* Efficiency.swift */; };
		2B3CF09C281CD856004BC845 /* Efficiency.swift in Sources */ = {isa = PBXBuildFile; fileRef = 2B3CF071281CD855004BC845 /* Efficiency.swift */; };
		2B3CF09D281CD856004BC845 /* Efficiency.swift in Sources */ = {isa = PBXBuildFile; fileRef = 2B3CF071281CD855004BC845 /* Efficiency.swift */; };
		2B3CF0A0281CD8FD004BC845 /* CorePlot in Frameworks */ = {isa = PBXBuildFile; productRef = 2B3CF09F281CD8FD004BC845 /* CorePlot */; };
		2B3CF0A3281CD92A004BC845 /* CorePlot in Frameworks */ = {isa = PBXBuildFile; productRef = 2B3CF0A2281CD92A004BC845 /* CorePlot */; };
		2B3CF0A5281CD973004BC845 /* CorePlot in Frameworks */ = {isa = PBXBuildFile; productRef = 2B3CF0A4281CD973004BC845 /* CorePlot */; };
		2B3CF0A7281CD979004BC845 /* CorePlot in Frameworks */ = {isa = PBXBuildFile; productRef = 2B3CF0A6281CD979004BC845 /* CorePlot */; };
		2B3CF0A8281CDB5A004BC845 /* ContentView.swift in Sources */ = {isa = PBXBuildFile; fileRef = 2B3CF026281CD762004BC845 /* ContentView.swift */; };
		2B3CF0A9281CDB5B004BC845 /* ContentView.swift in Sources */ = {isa = PBXBuildFile; fileRef = 2B3CF026281CD762004BC845 /* ContentView.swift */; };
		2B3CF0AB28249322004BC845 /* NeutronShielding.swift in Sources */ = {isa = PBXBuildFile; fileRef = 2B3CF0AA28249322004BC845 /* NeutronShielding.swift */; };
		2B3CF0AC28249322004BC845 /* NeutronShielding.swift in Sources */ = {isa = PBXBuildFile; fileRef = 2B3CF0AA28249322004BC845 /* NeutronShielding.swift */; };
		2B3CF0AD28249322004BC845 /* NeutronShielding.swift in Sources */ = {isa = PBXBuildFile; fileRef = 2B3CF0AA28249322004BC845 /* NeutronShielding.swift */; };
		2B3CF0AE28249322004BC845 /* NeutronShielding.swift in Sources */ = {isa = PBXBuildFile; fileRef = 2B3CF0AA28249322004BC845 /* NeutronShielding.swift */; };
		2B3CF0B028249351004BC845 /* ShieldingBox.swift in Sources */ = {isa = PBXBuildFile; fileRef = 2B3CF0AF28249351004BC845 /* ShieldingBox.swift */; };
		2B3CF0B128249351004BC845 /* ShieldingBox.swift in Sources */ = {isa = PBXBuildFile; fileRef = 2B3CF0AF28249351004BC845 /* ShieldingBox.swift */; };
		2B3CF0B228249351004BC845 /* ShieldingBox.swift in Sources */ = {isa = PBXBuildFile; fileRef = 2B3CF0AF28249351004BC845 /* ShieldingBox.swift */; };
		2B3CF0B328249351004BC845 /* ShieldingBox.swift in Sources */ = {isa = PBXBuildFile; fileRef = 2B3CF0AF28249351004BC845 /* ShieldingBox.swift */; };
/* End PBXBuildFile section */

/* Begin PBXContainerItemProxy section */
		2B3CF03A281CD764004BC845 /* PBXContainerItemProxy */ = {
			isa = PBXContainerItemProxy;
			containerPortal = 2B3CF020281CD762004BC845 /* Project object */;
			proxyType = 1;
			remoteGlobalIDString = 2B3CF02B281CD764004BC845;
			remoteInfo = "ManhattanProjectReed (iOS)";
		};
		2B3CF046281CD764004BC845 /* PBXContainerItemProxy */ = {
			isa = PBXContainerItemProxy;
			containerPortal = 2B3CF020281CD762004BC845 /* Project object */;
			proxyType = 1;
			remoteGlobalIDString = 2B3CF031281CD764004BC845;
			remoteInfo = "ManhattanProjectReed (macOS)";
		};
/* End PBXContainerItemProxy section */

/* Begin PBXFileReference section */
		2B3CF025281CD762004BC845 /* ManhattanProjectReedApp.swift */ = {isa = PBXFileReference; lastKnownFileType = sourcecode.swift; path = ManhattanProjectReedApp.swift; sourceTree = "<group>"; };
		2B3CF026281CD762004BC845 /* ContentView.swift */ = {isa = PBXFileReference; lastKnownFileType = sourcecode.swift; path = ContentView.swift; sourceTree = "<group>"; };
		2B3CF027281CD764004BC845 /* Assets.xcassets */ = {isa = PBXFileReference; lastKnownFileType = folder.assetcatalog; path = Assets.xcassets; sourceTree = "<group>"; };
		2B3CF02C281CD764004BC845 /* ManhattanProjectReed.app */ = {isa = PBXFileReference; explicitFileType = wrapper.application; includeInIndex = 0; path = ManhattanProjectReed.app; sourceTree = BUILT_PRODUCTS_DIR; };
		2B3CF032281CD764004BC845 /* ManhattanProjectReed.app */ = {isa = PBXFileReference; explicitFileType = wrapper.application; includeInIndex = 0; path = ManhattanProjectReed.app; sourceTree = BUILT_PRODUCTS_DIR; };
		2B3CF034281CD764004BC845 /* macOS.entitlements */ = {isa = PBXFileReference; lastKnownFileType = text.plist.entitlements; path = macOS.entitlements; sourceTree = "<group>"; };
		2B3CF039281CD764004BC845 /* Tests iOS.xctest */ = {isa = PBXFileReference; explicitFileType = wrapper.cfbundle; includeInIndex = 0; path = "Tests iOS.xctest"; sourceTree = BUILT_PRODUCTS_DIR; };
		2B3CF03D281CD764004BC845 /* Tests_iOS.swift */ = {isa = PBXFileReference; lastKnownFileType = sourcecode.swift; path = Tests_iOS.swift; sourceTree = "<group>"; };
		2B3CF03F281CD764004BC845 /* Tests_iOSLaunchTests.swift */ = {isa = PBXFileReference; lastKnownFileType = sourcecode.swift; path = Tests_iOSLaunchTests.swift; sourceTree = "<group>"; };
		2B3CF045281CD764004BC845 /* Tests macOS.xctest */ = {isa = PBXFileReference; explicitFileType = wrapper.cfbundle; includeInIndex = 0; path = "Tests macOS.xctest"; sourceTree = BUILT_PRODUCTS_DIR; };
		2B3CF049281CD764004BC845 /* Tests_macOS.swift */ = {isa = PBXFileReference; lastKnownFileType = sourcecode.swift; path = Tests_macOS.swift; sourceTree = "<group>"; };
		2B3CF04B281CD764004BC845 /* Tests_macOSLaunchTests.swift */ = {isa = PBXFileReference; lastKnownFileType = sourcecode.swift; path = Tests_macOSLaunchTests.swift; sourceTree = "<group>"; };
		2B3CF066281CD855004BC845 /* Untamped.swift */ = {isa = PBXFileReference; fileEncoding = 4; lastKnownFileType = sourcecode.swift; path = Untamped.swift; sourceTree = "<group>"; };
		2B3CF067281CD855004BC845 /* Tamped.swift */ = {isa = PBXFileReference; fileEncoding = 4; lastKnownFileType = sourcecode.swift; path = Tamped.swift; sourceTree = "<group>"; };
		2B3CF068281CD855004BC845 /* MonteCarloInt.swift */ = {isa = PBXFileReference; fileEncoding = 4; lastKnownFileType = sourcecode.swift; path = MonteCarloInt.swift; sourceTree = "<group>"; };
		2B3CF069281CD855004BC845 /* DrawingView.swift */ = {isa = PBXFileReference; fileEncoding = 4; lastKnownFileType = sourcecode.swift; path = DrawingView.swift; sourceTree = "<group>"; };
		2B3CF06A281CD855004BC845 /* FindingZero.swift */ = {isa = PBXFileReference; fileEncoding = 4; lastKnownFileType = sourcecode.swift; path = FindingZero.swift; sourceTree = "<group>"; };
		2B3CF06C281CD855004BC845 /* ChangingPlotParameters.swift */ = {isa = PBXFileReference; fileEncoding = 4; lastKnownFileType = sourcecode.swift; path = ChangingPlotParameters.swift; sourceTree = "<group>"; };
		2B3CF06D281CD855004BC845 /* CorePlot.swift */ = {isa = PBXFileReference; fileEncoding = 4; lastKnownFileType = sourcecode.swift; path = CorePlot.swift; sourceTree = "<group>"; };
		2B3CF06E281CD855004BC845 /* PlotDataClass.swift */ = {isa = PBXFileReference; fileEncoding = 4; lastKnownFileType = sourcecode.swift; path = PlotDataClass.swift; sourceTree = "<group>"; };
		2B3CF06F281CD855004BC845 /* PlotClass.swift */ = {isa = PBXFileReference; fileEncoding = 4; lastKnownFileType = sourcecode.swift; path = PlotClass.swift; sourceTree = "<group>"; };
		2B3CF070281CD855004BC845 /* NeutronSpectrum.swift */ = {isa = PBXFileReference; fileEncoding = 4; lastKnownFileType = sourcecode.swift; path = NeutronSpectrum.swift; sourceTree = "<group>"; };
		2B3CF071281CD855004BC845 /* Efficiency.swift */ = {isa = PBXFileReference; fileEncoding = 4; lastKnownFileType = sourcecode.swift; path = Efficiency.swift; sourceTree = "<group>"; };
		2B3CF0AA28249322004BC845 /* NeutronShielding.swift */ = {isa = PBXFileReference; lastKnownFileType = sourcecode.swift; path = NeutronShielding.swift; sourceTree = "<group>"; };
		2B3CF0AF28249351004BC845 /* ShieldingBox.swift */ = {isa = PBXFileReference; lastKnownFileType = sourcecode.swift; path = ShieldingBox.swift; sourceTree = "<group>"; };
/* End PBXFileReference section */

/* Begin PBXFrameworksBuildPhase section */
		2B3CF029281CD764004BC845 /* Frameworks */ = {
			isa = PBXFrameworksBuildPhase;
			buildActionMask = 2147483647;
			files = (
				2B3CF0A3281CD92A004BC845 /* CorePlot in Frameworks */,
			);
			runOnlyForDeploymentPostprocessing = 0;
		};
		2B3CF02F281CD764004BC845 /* Frameworks */ = {
			isa = PBXFrameworksBuildPhase;
			buildActionMask = 2147483647;
			files = (
				2B3CF0A0281CD8FD004BC845 /* CorePlot in Frameworks */,
			);
			runOnlyForDeploymentPostprocessing = 0;
		};
		2B3CF036281CD764004BC845 /* Frameworks */ = {
			isa = PBXFrameworksBuildPhase;
			buildActionMask = 2147483647;
			files = (
				2B3CF0A5281CD973004BC845 /* CorePlot in Frameworks */,
			);
			runOnlyForDeploymentPostprocessing = 0;
		};
		2B3CF042281CD764004BC845 /* Frameworks */ = {
			isa = PBXFrameworksBuildPhase;
			buildActionMask = 2147483647;
			files = (
				2B3CF0A7281CD979004BC845 /* CorePlot in Frameworks */,
			);
			runOnlyForDeploymentPostprocessing = 0;
		};
/* End PBXFrameworksBuildPhase section */

/* Begin PBXGroup section */
		2B3CF01F281CD762004BC845 = {
			isa = PBXGroup;
			children = (
				2B3CF024281CD762004BC845 /* Shared */,
				2B3CF033281CD764004BC845 /* macOS */,
				2B3CF03C281CD764004BC845 /* Tests iOS */,
				2B3CF048281CD764004BC845 /* Tests macOS */,
				2B3CF02D281CD764004BC845 /* Products */,
				2B3CF0A1281CD92A004BC845 /* Frameworks */,
			);
			sourceTree = "<group>";
		};
		2B3CF024281CD762004BC845 /* Shared */ = {
			isa = PBXGroup;
			children = (
				2B3CF025281CD762004BC845 /* ManhattanProjectReedApp.swift */,
				2B3CF026281CD762004BC845 /* ContentView.swift */,
				2B3CF069281CD855004BC845 /* DrawingView.swift */,
				2B3CF068281CD855004BC845 /* MonteCarloInt.swift */,
				2B3CF070281CD855004BC845 /* NeutronSpectrum.swift */,
				2B3CF0AA28249322004BC845 /* NeutronShielding.swift */,
				2B3CF0AF28249351004BC845 /* ShieldingBox.swift */,
				2B3CF071281CD855004BC845 /* Efficiency.swift */,
				2B3CF067281CD855004BC845 /* Tamped.swift */,
				2B3CF066281CD855004BC845 /* Untamped.swift */,
				2B3CF06A281CD855004BC845 /* FindingZero.swift */,
				2B3CF06D281CD855004BC845 /* CorePlot.swift */,
				2B3CF06C281CD855004BC845 /* ChangingPlotParameters.swift */,
				2B3CF06E281CD855004BC845 /* PlotDataClass.swift */,
				2B3CF06F281CD855004BC845 /* PlotClass.swift */,
				2B3CF027281CD764004BC845 /* Assets.xcassets */,
			);
			path = Shared;
			sourceTree = "<group>";
		};
		2B3CF02D281CD764004BC845 /* Products */ = {
			isa = PBXGroup;
			children = (
				2B3CF02C281CD764004BC845 /* ManhattanProjectReed.app */,
				2B3CF032281CD764004BC845 /* ManhattanProjectReed.app */,
				2B3CF039281CD764004BC845 /* Tests iOS.xctest */,
				2B3CF045281CD764004BC845 /* Tests macOS.xctest */,
			);
			name = Products;
			sourceTree = "<group>";
		};
		2B3CF033281CD764004BC845 /* macOS */ = {
			isa = PBXGroup;
			children = (
				2B3CF034281CD764004BC845 /* macOS.entitlements */,
			);
			path = macOS;
			sourceTree = "<group>";
		};
		2B3CF03C281CD764004BC845 /* Tests iOS */ = {
			isa = PBXGroup;
			children = (
				2B3CF03D281CD764004BC845 /* Tests_iOS.swift */,
				2B3CF03F281CD764004BC845 /* Tests_iOSLaunchTests.swift */,
			);
			path = "Tests iOS";
			sourceTree = "<group>";
		};
		2B3CF048281CD764004BC845 /* Tests macOS */ = {
			isa = PBXGroup;
			children = (
				2B3CF049281CD764004BC845 /* Tests_macOS.swift */,
				2B3CF04B281CD764004BC845 /* Tests_macOSLaunchTests.swift */,
			);
			path = "Tests macOS";
			sourceTree = "<group>";
		};
		2B3CF0A1281CD92A004BC845 /* Frameworks */ = {
			isa = PBXGroup;
			children = (
			);
			name = Frameworks;
			sourceTree = "<group>";
		};
/* End PBXGroup section */

/* Begin PBXNativeTarget section */
		2B3CF02B281CD764004BC845 /* ManhattanProjectReed (iOS) */ = {
			isa = PBXNativeTarget;
			buildConfigurationList = 2B3CF055281CD764004BC845 /* Build configuration list for PBXNativeTarget "ManhattanProjectReed (iOS)" */;
			buildPhases = (
				2B3CF028281CD764004BC845 /* Sources */,
				2B3CF029281CD764004BC845 /* Frameworks */,
				2B3CF02A281CD764004BC845 /* Resources */,
			);
			buildRules = (
			);
			dependencies = (
			);
			name = "ManhattanProjectReed (iOS)";
			packageProductDependencies = (
				2B3CF0A2281CD92A004BC845 /* CorePlot */,
			);
			productName = "ManhattanProjectReed (iOS)";
			productReference = 2B3CF02C281CD764004BC845 /* ManhattanProjectReed.app */;
			productType = "com.apple.product-type.application";
		};
		2B3CF031281CD764004BC845 /* ManhattanProjectReed (macOS) */ = {
			isa = PBXNativeTarget;
			buildConfigurationList = 2B3CF058281CD764004BC845 /* Build configuration list for PBXNativeTarget "ManhattanProjectReed (macOS)" */;
			buildPhases = (
				2B3CF02E281CD764004BC845 /* Sources */,
				2B3CF02F281CD764004BC845 /* Frameworks */,
				2B3CF030281CD764004BC845 /* Resources */,
			);
			buildRules = (
			);
			dependencies = (
			);
			name = "ManhattanProjectReed (macOS)";
			packageProductDependencies = (
				2B3CF09F281CD8FD004BC845 /* CorePlot */,
			);
			productName = "ManhattanProjectReed (macOS)";
			productReference = 2B3CF032281CD764004BC845 /* ManhattanProjectReed.app */;
			productType = "com.apple.product-type.application";
		};
		2B3CF038281CD764004BC845 /* Tests iOS */ = {
			isa = PBXNativeTarget;
			buildConfigurationList = 2B3CF05B281CD764004BC845 /* Build configuration list for PBXNativeTarget "Tests iOS" */;
			buildPhases = (
				2B3CF035281CD764004BC845 /* Sources */,
				2B3CF036281CD764004BC845 /* Frameworks */,
				2B3CF037281CD764004BC845 /* Resources */,
			);
			buildRules = (
			);
			dependencies = (
				2B3CF03B281CD764004BC845 /* PBXTargetDependency */,
			);
			name = "Tests iOS";
			packageProductDependencies = (
				2B3CF0A4281CD973004BC845 /* CorePlot */,
			);
			productName = "Tests iOS";
			productReference = 2B3CF039281CD764004BC845 /* Tests iOS.xctest */;
			productType = "com.apple.product-type.bundle.ui-testing";
		};
		2B3CF044281CD764004BC845 /* Tests macOS */ = {
			isa = PBXNativeTarget;
			buildConfigurationList = 2B3CF05E281CD764004BC845 /* Build configuration list for PBXNativeTarget "Tests macOS" */;
			buildPhases = (
				2B3CF041281CD764004BC845 /* Sources */,
				2B3CF042281CD764004BC845 /* Frameworks */,
				2B3CF043281CD764004BC845 /* Resources */,
			);
			buildRules = (
			);
			dependencies = (
				2B3CF047281CD764004BC845 /* PBXTargetDependency */,
			);
			name = "Tests macOS";
			packageProductDependencies = (
				2B3CF0A6281CD979004BC845 /* CorePlot */,
			);
			productName = "Tests macOS";
			productReference = 2B3CF045281CD764004BC845 /* Tests macOS.xctest */;
			productType = "com.apple.product-type.bundle.ui-testing";
		};
/* End PBXNativeTarget section */

/* Begin PBXProject section */
		2B3CF020281CD762004BC845 /* Project object */ = {
			isa = PBXProject;
			attributes = {
				BuildIndependentTargetsInParallel = 1;
				LastSwiftUpdateCheck = 1320;
				LastUpgradeCheck = 1320;
				TargetAttributes = {
					2B3CF02B281CD764004BC845 = {
						CreatedOnToolsVersion = 13.2.1;
					};
					2B3CF031281CD764004BC845 = {
						CreatedOnToolsVersion = 13.2.1;
					};
					2B3CF038281CD764004BC845 = {
						CreatedOnToolsVersion = 13.2.1;
						TestTargetID = 2B3CF02B281CD764004BC845;
					};
					2B3CF044281CD764004BC845 = {
						CreatedOnToolsVersion = 13.2.1;
						TestTargetID = 2B3CF031281CD764004BC845;
					};
				};
			};
			buildConfigurationList = 2B3CF023281CD762004BC845 /* Build configuration list for PBXProject "ManhattanProjectReed" */;
			compatibilityVersion = "Xcode 13.0";
			developmentRegion = en;
			hasScannedForEncodings = 0;
			knownRegions = (
				en,
				Base,
			);
			mainGroup = 2B3CF01F281CD762004BC845;
			packageReferences = (
				2B3CF09E281CD8FD004BC845 /* XCRemoteSwiftPackageReference "core-plot" */,
			);
			productRefGroup = 2B3CF02D281CD764004BC845 /* Products */;
			projectDirPath = "";
			projectRoot = "";
			targets = (
				2B3CF02B281CD764004BC845 /* ManhattanProjectReed (iOS) */,
				2B3CF031281CD764004BC845 /* ManhattanProjectReed (macOS) */,
				2B3CF038281CD764004BC845 /* Tests iOS */,
				2B3CF044281CD764004BC845 /* Tests macOS */,
			);
		};
/* End PBXProject section */

/* Begin PBXResourcesBuildPhase section */
		2B3CF02A281CD764004BC845 /* Resources */ = {
			isa = PBXResourcesBuildPhase;
			buildActionMask = 2147483647;
			files = (
				2B3CF051281CD764004BC845 /* Assets.xcassets in Resources */,
			);
			runOnlyForDeploymentPostprocessing = 0;
		};
		2B3CF030281CD764004BC845 /* Resources */ = {
			isa = PBXResourcesBuildPhase;
			buildActionMask = 2147483647;
			files = (
				2B3CF052281CD764004BC845 /* Assets.xcassets in Resources */,
			);
			runOnlyForDeploymentPostprocessing = 0;
		};
		2B3CF037281CD764004BC845 /* Resources */ = {
			isa = PBXResourcesBuildPhase;
			buildActionMask = 2147483647;
			files = (
			);
			runOnlyForDeploymentPostprocessing = 0;
		};
		2B3CF043281CD764004BC845 /* Resources */ = {
			isa = PBXResourcesBuildPhase;
			buildActionMask = 2147483647;
			files = (
			);
			runOnlyForDeploymentPostprocessing = 0;
		};
/* End PBXResourcesBuildPhase section */

/* Begin PBXSourcesBuildPhase section */
		2B3CF028281CD764004BC845 /* Sources */ = {
			isa = PBXSourcesBuildPhase;
			buildActionMask = 2147483647;
			files = (
				2B3CF09A281CD856004BC845 /* Efficiency.swift in Sources */,
				2B3CF082281CD856004BC845 /* FindingZero.swift in Sources */,
				2B3CF086281CD856004BC845 /* ChangingPlotParameters.swift in Sources */,
				2B3CF04F281CD764004BC845 /* ContentView.swift in Sources */,
				2B3CF08A281CD856004BC845 /* CorePlot.swift in Sources */,
				2B3CF072281CD856004BC845 /* Untamped.swift in Sources */,
				2B3CF07A281CD856004BC845 /* MonteCarloInt.swift in Sources */,
				2B3CF096281CD856004BC845 /* NeutronSpectrum.swift in Sources */,
				2B3CF07E281CD856004BC845 /* DrawingView.swift in Sources */,
				2B3CF08E281CD856004BC845 /* PlotDataClass.swift in Sources */,
				2B3CF092281CD856004BC845 /* PlotClass.swift in Sources */,
				2B3CF076281CD856004BC845 /* Tamped.swift in Sources */,
				2B3CF04D281CD764004BC845 /* ManhattanProjectReedApp.swift in Sources */,
				2B3CF0B028249351004BC845 /* ShieldingBox.swift in Sources */,
				2B3CF0AB28249322004BC845 /* NeutronShielding.swift in Sources */,
			);
			runOnlyForDeploymentPostprocessing = 0;
		};
		2B3CF02E281CD764004BC845 /* Sources */ = {
			isa = PBXSourcesBuildPhase;
			buildActionMask = 2147483647;
			files = (
				2B3CF09B281CD856004BC845 /* Efficiency.swift in Sources */,
				2B3CF083281CD856004BC845 /* FindingZero.swift in Sources */,
				2B3CF087281CD856004BC845 /* ChangingPlotParameters.swift in Sources */,
				2B3CF050281CD764004BC845 /* ContentView.swift in Sources */,
				2B3CF08B281CD856004BC845 /* CorePlot.swift in Sources */,
				2B3CF073281CD856004BC845 /* Untamped.swift in Sources */,
				2B3CF07B281CD856004BC845 /* MonteCarloInt.swift in Sources */,
				2B3CF097281CD856004BC845 /* NeutronSpectrum.swift in Sources */,
				2B3CF07F281CD856004BC845 /* DrawingView.swift in Sources */,
				2B3CF08F281CD856004BC845 /* PlotDataClass.swift in Sources */,
				2B3CF093281CD856004BC845 /* PlotClass.swift in Sources */,
				2B3CF077281CD856004BC845 /* Tamped.swift in Sources */,
				2B3CF04E281CD764004BC845 /* ManhattanProjectReedApp.swift in Sources */,
				2B3CF0B128249351004BC845 /* ShieldingBox.swift in Sources */,
				2B3CF0AC28249322004BC845 /* NeutronShielding.swift in Sources */,
			);
			runOnlyForDeploymentPostprocessing = 0;
		};
		2B3CF035281CD764004BC845 /* Sources */ = {
			isa = PBXSourcesBuildPhase;
			buildActionMask = 2147483647;
			files = (
				2B3CF09C281CD856004BC845 /* Efficiency.swift in Sources */,
				2B3CF084281CD856004BC845 /* FindingZero.swift in Sources */,
				2B3CF0A8281CDB5A004BC845 /* ContentView.swift in Sources */,
				2B3CF088281CD856004BC845 /* ChangingPlotParameters.swift in Sources */,
				2B3CF0AD28249322004BC845 /* NeutronShielding.swift in Sources */,
				2B3CF040281CD764004BC845 /* Tests_iOSLaunchTests.swift in Sources */,
				2B3CF08C281CD856004BC845 /* CorePlot.swift in Sources */,
				2B3CF074281CD856004BC845 /* Untamped.swift in Sources */,
				2B3CF07C281CD856004BC845 /* MonteCarloInt.swift in Sources */,
				2B3CF098281CD856004BC845 /* NeutronSpectrum.swift in Sources */,
				2B3CF080281CD856004BC845 /* DrawingView.swift in Sources */,
				2B3CF090281CD856004BC845 /* PlotDataClass.swift in Sources */,
				2B3CF094281CD856004BC845 /* PlotClass.swift in Sources */,
				2B3CF0B228249351004BC845 /* ShieldingBox.swift in Sources */,
				2B3CF078281CD856004BC845 /* Tamped.swift in Sources */,
				2B3CF03E281CD764004BC845 /* Tests_iOS.swift in Sources */,
			);
			runOnlyForDeploymentPostprocessing = 0;
		};
		2B3CF041281CD764004BC845 /* Sources */ = {
			isa = PBXSourcesBuildPhase;
			buildActionMask = 2147483647;
			files = (
				2B3CF09D281CD856004BC845 /* Efficiency.swift in Sources */,
				2B3CF085281CD856004BC845 /* FindingZero.swift in Sources */,
				2B3CF0A9281CDB5B004BC845 /* ContentView.swift in Sources */,
				2B3CF089281CD856004BC845 /* ChangingPlotParameters.swift in Sources */,
				2B3CF0AE28249322004BC845 /* NeutronShielding.swift in Sources */,
				2B3CF04C281CD764004BC845 /* Tests_macOSLaunchTests.swift in Sources */,
				2B3CF08D281CD856004BC845 /* CorePlot.swift in Sources */,
				2B3CF075281CD856004BC845 /* Untamped.swift in Sources */,
				2B3CF07D281CD856004BC845 /* MonteCarloInt.swift in Sources */,
				2B3CF099281CD856004BC845 /* NeutronSpectrum.swift in Sources */,
				2B3CF081281CD856004BC845 /* DrawingView.swift in Sources */,
				2B3CF091281CD856004BC845 /* PlotDataClass.swift in Sources */,
				2B3CF095281CD856004BC845 /* PlotClass.swift in Sources */,
				2B3CF0B328249351004BC845 /* ShieldingBox.swift in Sources */,
				2B3CF079281CD856004BC845 /* Tamped.swift in Sources */,
				2B3CF04A281CD764004BC845 /* Tests_macOS.swift in Sources */,
			);
			runOnlyForDeploymentPostprocessing = 0;
		};
/* End PBXSourcesBuildPhase section */

/* Begin PBXTargetDependency section */
		2B3CF03B281CD764004BC845 /* PBXTargetDependency */ = {
			isa = PBXTargetDependency;
			target = 2B3CF02B281CD764004BC845 /* ManhattanProjectReed (iOS) */;
			targetProxy = 2B3CF03A281CD764004BC845 /* PBXContainerItemProxy */;
		};
		2B3CF047281CD764004BC845 /* PBXTargetDependency */ = {
			isa = PBXTargetDependency;
			target = 2B3CF031281CD764004BC845 /* ManhattanProjectReed (macOS) */;
			targetProxy = 2B3CF046281CD764004BC845 /* PBXContainerItemProxy */;
		};
/* End PBXTargetDependency section */

/* Begin XCBuildConfiguration section */
		2B3CF053281CD764004BC845 /* Debug */ = {
			isa = XCBuildConfiguration;
			buildSettings = {
				ALWAYS_SEARCH_USER_PATHS = NO;
				CLANG_ANALYZER_NONNULL = YES;
				CLANG_ANALYZER_NUMBER_OBJECT_CONVERSION = YES_AGGRESSIVE;
				CLANG_CXX_LANGUAGE_STANDARD = "gnu++17";
				CLANG_CXX_LIBRARY = "libc++";
				CLANG_ENABLE_MODULES = YES;
				CLANG_ENABLE_OBJC_ARC = YES;
				CLANG_ENABLE_OBJC_WEAK = YES;
				CLANG_WARN_BLOCK_CAPTURE_AUTORELEASING = YES;
				CLANG_WARN_BOOL_CONVERSION = YES;
				CLANG_WARN_COMMA = YES;
				CLANG_WARN_CONSTANT_CONVERSION = YES;
				CLANG_WARN_DEPRECATED_OBJC_IMPLEMENTATIONS = YES;
				CLANG_WARN_DIRECT_OBJC_ISA_USAGE = YES_ERROR;
				CLANG_WARN_DOCUMENTATION_COMMENTS = YES;
				CLANG_WARN_EMPTY_BODY = YES;
				CLANG_WARN_ENUM_CONVERSION = YES;
				CLANG_WARN_INFINITE_RECURSION = YES;
				CLANG_WARN_INT_CONVERSION = YES;
				CLANG_WARN_NON_LITERAL_NULL_CONVERSION = YES;
				CLANG_WARN_OBJC_IMPLICIT_RETAIN_SELF = YES;
				CLANG_WARN_OBJC_LITERAL_CONVERSION = YES;
				CLANG_WARN_OBJC_ROOT_CLASS = YES_ERROR;
				CLANG_WARN_QUOTED_INCLUDE_IN_FRAMEWORK_HEADER = YES;
				CLANG_WARN_RANGE_LOOP_ANALYSIS = YES;
				CLANG_WARN_STRICT_PROTOTYPES = YES;
				CLANG_WARN_SUSPICIOUS_MOVE = YES;
				CLANG_WARN_UNGUARDED_AVAILABILITY = YES_AGGRESSIVE;
				CLANG_WARN_UNREACHABLE_CODE = YES;
				CLANG_WARN__DUPLICATE_METHOD_MATCH = YES;
				COPY_PHASE_STRIP = NO;
				DEBUG_INFORMATION_FORMAT = dwarf;
				ENABLE_STRICT_OBJC_MSGSEND = YES;
				ENABLE_TESTABILITY = YES;
				GCC_C_LANGUAGE_STANDARD = gnu11;
				GCC_DYNAMIC_NO_PIC = NO;
				GCC_NO_COMMON_BLOCKS = YES;
				GCC_OPTIMIZATION_LEVEL = 0;
				GCC_PREPROCESSOR_DEFINITIONS = (
					"DEBUG=1",
					"$(inherited)",
				);
				GCC_WARN_64_TO_32_BIT_CONVERSION = YES;
				GCC_WARN_ABOUT_RETURN_TYPE = YES_ERROR;
				GCC_WARN_UNDECLARED_SELECTOR = YES;
				GCC_WARN_UNINITIALIZED_AUTOS = YES_AGGRESSIVE;
				GCC_WARN_UNUSED_FUNCTION = YES;
				GCC_WARN_UNUSED_VARIABLE = YES;
				MTL_ENABLE_DEBUG_INFO = INCLUDE_SOURCE;
				MTL_FAST_MATH = YES;
				ONLY_ACTIVE_ARCH = YES;
				SWIFT_ACTIVE_COMPILATION_CONDITIONS = DEBUG;
				SWIFT_OPTIMIZATION_LEVEL = "-Onone";
			};
			name = Debug;
		};
		2B3CF054281CD764004BC845 /* Release */ = {
			isa = XCBuildConfiguration;
			buildSettings = {
				ALWAYS_SEARCH_USER_PATHS = NO;
				CLANG_ANALYZER_NONNULL = YES;
				CLANG_ANALYZER_NUMBER_OBJECT_CONVERSION = YES_AGGRESSIVE;
				CLANG_CXX_LANGUAGE_STANDARD = "gnu++17";
				CLANG_CXX_LIBRARY = "libc++";
				CLANG_ENABLE_MODULES = YES;
				CLANG_ENABLE_OBJC_ARC = YES;
				CLANG_ENABLE_OBJC_WEAK = YES;
				CLANG_WARN_BLOCK_CAPTURE_AUTORELEASING = YES;
				CLANG_WARN_BOOL_CONVERSION = YES;
				CLANG_WARN_COMMA = YES;
				CLANG_WARN_CONSTANT_CONVERSION = YES;
				CLANG_WARN_DEPRECATED_OBJC_IMPLEMENTATIONS = YES;
				CLANG_WARN_DIRECT_OBJC_ISA_USAGE = YES_ERROR;
				CLANG_WARN_DOCUMENTATION_COMMENTS = YES;
				CLANG_WARN_EMPTY_BODY = YES;
				CLANG_WARN_ENUM_CONVERSION = YES;
				CLANG_WARN_INFINITE_RECURSION = YES;
				CLANG_WARN_INT_CONVERSION = YES;
				CLANG_WARN_NON_LITERAL_NULL_CONVERSION = YES;
				CLANG_WARN_OBJC_IMPLICIT_RETAIN_SELF = YES;
				CLANG_WARN_OBJC_LITERAL_CONVERSION = YES;
				CLANG_WARN_OBJC_ROOT_CLASS = YES_ERROR;
				CLANG_WARN_QUOTED_INCLUDE_IN_FRAMEWORK_HEADER = YES;
				CLANG_WARN_RANGE_LOOP_ANALYSIS = YES;
				CLANG_WARN_STRICT_PROTOTYPES = YES;
				CLANG_WARN_SUSPICIOUS_MOVE = YES;
				CLANG_WARN_UNGUARDED_AVAILABILITY = YES_AGGRESSIVE;
				CLANG_WARN_UNREACHABLE_CODE = YES;
				CLANG_WARN__DUPLICATE_METHOD_MATCH = YES;
				COPY_PHASE_STRIP = NO;
				DEBUG_INFORMATION_FORMAT = "dwarf-with-dsym";
				ENABLE_NS_ASSERTIONS = NO;
				ENABLE_STRICT_OBJC_MSGSEND = YES;
				GCC_C_LANGUAGE_STANDARD = gnu11;
				GCC_NO_COMMON_BLOCKS = YES;
				GCC_WARN_64_TO_32_BIT_CONVERSION = YES;
				GCC_WARN_ABOUT_RETURN_TYPE = YES_ERROR;
				GCC_WARN_UNDECLARED_SELECTOR = YES;
				GCC_WARN_UNINITIALIZED_AUTOS = YES_AGGRESSIVE;
				GCC_WARN_UNUSED_FUNCTION = YES;
				GCC_WARN_UNUSED_VARIABLE = YES;
				MTL_ENABLE_DEBUG_INFO = NO;
				MTL_FAST_MATH = YES;
				SWIFT_COMPILATION_MODE = wholemodule;
				SWIFT_OPTIMIZATION_LEVEL = "-O";
			};
			name = Release;
		};
		2B3CF056281CD764004BC845 /* Debug */ = {
			isa = XCBuildConfiguration;
			buildSettings = {
				ASSETCATALOG_COMPILER_APPICON_NAME = AppIcon;
				ASSETCATALOG_COMPILER_GLOBAL_ACCENT_COLOR_NAME = AccentColor;
				CODE_SIGN_STYLE = Automatic;
				CURRENT_PROJECT_VERSION = 1;
				ENABLE_PREVIEWS = YES;
				GENERATE_INFOPLIST_FILE = YES;
				INFOPLIST_KEY_UIApplicationSceneManifest_Generation = YES;
				INFOPLIST_KEY_UIApplicationSupportsIndirectInputEvents = YES;
				INFOPLIST_KEY_UILaunchScreen_Generation = YES;
				INFOPLIST_KEY_UISupportedInterfaceOrientations_iPad = "UIInterfaceOrientationPortrait UIInterfaceOrientationPortraitUpsideDown UIInterfaceOrientationLandscapeLeft UIInterfaceOrientationLandscapeRight";
				INFOPLIST_KEY_UISupportedInterfaceOrientations_iPhone = "UIInterfaceOrientationPortrait UIInterfaceOrientationLandscapeLeft UIInterfaceOrientationLandscapeRight";
				IPHONEOS_DEPLOYMENT_TARGET = 15.2;
				LD_RUNPATH_SEARCH_PATHS = (
					"$(inherited)",
					"@executable_path/Frameworks",
				);
				MARKETING_VERSION = 1.0;
				PRODUCT_BUNDLE_IDENTIFIER = IIT.ManhattanProjectReed;
				PRODUCT_NAME = ManhattanProjectReed;
				SDKROOT = iphoneos;
				SWIFT_EMIT_LOC_STRINGS = YES;
				SWIFT_VERSION = 5.0;
				TARGETED_DEVICE_FAMILY = "1,2";
			};
			name = Debug;
		};
		2B3CF057281CD764004BC845 /* Release */ = {
			isa = XCBuildConfiguration;
			buildSettings = {
				ASSETCATALOG_COMPILER_APPICON_NAME = AppIcon;
				ASSETCATALOG_COMPILER_GLOBAL_ACCENT_COLOR_NAME = AccentColor;
				CODE_SIGN_STYLE = Automatic;
				CURRENT_PROJECT_VERSION = 1;
				ENABLE_PREVIEWS = YES;
				GENERATE_INFOPLIST_FILE = YES;
				INFOPLIST_KEY_UIApplicationSceneManifest_Generation = YES;
				INFOPLIST_KEY_UIApplicationSupportsIndirectInputEvents = YES;
				INFOPLIST_KEY_UILaunchScreen_Generation = YES;
				INFOPLIST_KEY_UISupportedInterfaceOrientations_iPad = "UIInterfaceOrientationPortrait UIInterfaceOrientationPortraitUpsideDown UIInterfaceOrientationLandscapeLeft UIInterfaceOrientationLandscapeRight";
				INFOPLIST_KEY_UISupportedInterfaceOrientations_iPhone = "UIInterfaceOrientationPortrait UIInterfaceOrientationLandscapeLeft UIInterfaceOrientationLandscapeRight";
				IPHONEOS_DEPLOYMENT_TARGET = 15.2;
				LD_RUNPATH_SEARCH_PATHS = (
					"$(inherited)",
					"@executable_path/Frameworks",
				);
				MARKETING_VERSION = 1.0;
				PRODUCT_BUNDLE_IDENTIFIER = IIT.ManhattanProjectReed;
				PRODUCT_NAME = ManhattanProjectReed;
				SDKROOT = iphoneos;
				SWIFT_EMIT_LOC_STRINGS = YES;
				SWIFT_VERSION = 5.0;
				TARGETED_DEVICE_FAMILY = "1,2";
				VALIDATE_PRODUCT = YES;
			};
			name = Release;
		};
		2B3CF059281CD764004BC845 /* Debug */ = {
			isa = XCBuildConfiguration;
			buildSettings = {
				ASSETCATALOG_COMPILER_APPICON_NAME = AppIcon;
				ASSETCATALOG_COMPILER_GLOBAL_ACCENT_COLOR_NAME = AccentColor;
				CODE_SIGN_ENTITLEMENTS = macOS/macOS.entitlements;
				CODE_SIGN_STYLE = Automatic;
				COMBINE_HIDPI_IMAGES = YES;
				CURRENT_PROJECT_VERSION = 1;
				ENABLE_PREVIEWS = YES;
				GENERATE_INFOPLIST_FILE = YES;
				INFOPLIST_KEY_NSHumanReadableCopyright = "";
				LD_RUNPATH_SEARCH_PATHS = (
					"$(inherited)",
					"@executable_path/../Frameworks",
				);
				MACOSX_DEPLOYMENT_TARGET = 12.1;
				MARKETING_VERSION = 1.0;
				PRODUCT_BUNDLE_IDENTIFIER = IIT.ManhattanProjectReed;
				PRODUCT_NAME = ManhattanProjectReed;
				SDKROOT = macosx;
				SWIFT_EMIT_LOC_STRINGS = YES;
				SWIFT_VERSION = 5.0;
			};
			name = Debug;
		};
		2B3CF05A281CD764004BC845 /* Release */ = {
			isa = XCBuildConfiguration;
			buildSettings = {
				ASSETCATALOG_COMPILER_APPICON_NAME = AppIcon;
				ASSETCATALOG_COMPILER_GLOBAL_ACCENT_COLOR_NAME = AccentColor;
				CODE_SIGN_ENTITLEMENTS = macOS/macOS.entitlements;
				CODE_SIGN_STYLE = Automatic;
				COMBINE_HIDPI_IMAGES = YES;
				CURRENT_PROJECT_VERSION = 1;
				ENABLE_PREVIEWS = YES;
				GENERATE_INFOPLIST_FILE = YES;
				INFOPLIST_KEY_NSHumanReadableCopyright = "";
				LD_RUNPATH_SEARCH_PATHS = (
					"$(inherited)",
					"@executable_path/../Frameworks",
				);
				MACOSX_DEPLOYMENT_TARGET = 12.1;
				MARKETING_VERSION = 1.0;
				PRODUCT_BUNDLE_IDENTIFIER = IIT.ManhattanProjectReed;
				PRODUCT_NAME = ManhattanProjectReed;
				SDKROOT = macosx;
				SWIFT_EMIT_LOC_STRINGS = YES;
				SWIFT_VERSION = 5.0;
			};
			name = Release;
		};
		2B3CF05C281CD764004BC845 /* Debug */ = {
			isa = XCBuildConfiguration;
			buildSettings = {
				ALWAYS_EMBED_SWIFT_STANDARD_LIBRARIES = YES;
				CODE_SIGN_STYLE = Automatic;
				CURRENT_PROJECT_VERSION = 1;
				GENERATE_INFOPLIST_FILE = YES;
				IPHONEOS_DEPLOYMENT_TARGET = 15.2;
				MARKETING_VERSION = 1.0;
				PRODUCT_BUNDLE_IDENTIFIER = "IIT.Tests-iOS";
				PRODUCT_NAME = "$(TARGET_NAME)";
				SDKROOT = iphoneos;
				SWIFT_EMIT_LOC_STRINGS = NO;
				SWIFT_VERSION = 5.0;
				TARGETED_DEVICE_FAMILY = "1,2";
				TEST_TARGET_NAME = "ManhattanProjectReed (iOS)";
			};
			name = Debug;
		};
		2B3CF05D281CD764004BC845 /* Release */ = {
			isa = XCBuildConfiguration;
			buildSettings = {
				ALWAYS_EMBED_SWIFT_STANDARD_LIBRARIES = YES;
				CODE_SIGN_STYLE = Automatic;
				CURRENT_PROJECT_VERSION = 1;
				GENERATE_INFOPLIST_FILE = YES;
				IPHONEOS_DEPLOYMENT_TARGET = 15.2;
				MARKETING_VERSION = 1.0;
				PRODUCT_BUNDLE_IDENTIFIER = "IIT.Tests-iOS";
				PRODUCT_NAME = "$(TARGET_NAME)";
				SDKROOT = iphoneos;
				SWIFT_EMIT_LOC_STRINGS = NO;
				SWIFT_VERSION = 5.0;
				TARGETED_DEVICE_FAMILY = "1,2";
				TEST_TARGET_NAME = "ManhattanProjectReed (iOS)";
				VALIDATE_PRODUCT = YES;
			};
			name = Release;
		};
		2B3CF05F281CD764004BC845 /* Debug */ = {
			isa = XCBuildConfiguration;
			buildSettings = {
				ALWAYS_EMBED_SWIFT_STANDARD_LIBRARIES = YES;
				CODE_SIGN_STYLE = Automatic;
				CURRENT_PROJECT_VERSION = 1;
				GENERATE_INFOPLIST_FILE = YES;
				MACOSX_DEPLOYMENT_TARGET = 12.1;
				MARKETING_VERSION = 1.0;
				PRODUCT_BUNDLE_IDENTIFIER = "IIT.Tests-macOS";
				PRODUCT_NAME = "$(TARGET_NAME)";
				SDKROOT = macosx;
				SWIFT_EMIT_LOC_STRINGS = NO;
				SWIFT_VERSION = 5.0;
				TEST_TARGET_NAME = "ManhattanProjectReed (macOS)";
			};
			name = Debug;
		};
		2B3CF060281CD764004BC845 /* Release */ = {
			isa = XCBuildConfiguration;
			buildSettings = {
				ALWAYS_EMBED_SWIFT_STANDARD_LIBRARIES = YES;
				CODE_SIGN_STYLE = Automatic;
				CURRENT_PROJECT_VERSION = 1;
				GENERATE_INFOPLIST_FILE = YES;
				MACOSX_DEPLOYMENT_TARGET = 12.1;
				MARKETING_VERSION = 1.0;
				PRODUCT_BUNDLE_IDENTIFIER = "IIT.Tests-macOS";
				PRODUCT_NAME = "$(TARGET_NAME)";
				SDKROOT = macosx;
				SWIFT_EMIT_LOC_STRINGS = NO;
				SWIFT_VERSION = 5.0;
				TEST_TARGET_NAME = "ManhattanProjectReed (macOS)";
			};
			name = Release;
		};
/* End XCBuildConfiguration section */

/* Begin XCConfigurationList section */
		2B3CF023281CD762004BC845 /* Build configuration list for PBXProject "ManhattanProjectReed" */ = {
			isa = XCConfigurationList;
			buildConfigurations = (
				2B3CF053281CD764004BC845 /* Debug */,
				2B3CF054281CD764004BC845 /* Release */,
			);
			defaultConfigurationIsVisible = 0;
			defaultConfigurationName = Release;
		};
		2B3CF055281CD764004BC845 /* Build configuration list for PBXNativeTarget "ManhattanProjectReed (iOS)" */ = {
			isa = XCConfigurationList;
			buildConfigurations = (
				2B3CF056281CD764004BC845 /* Debug */,
				2B3CF057281CD764004BC845 /* Release */,
			);
			defaultConfigurationIsVisible = 0;
			defaultConfigurationName = Release;
		};
		2B3CF058281CD764004BC845 /* Build configuration list for PBXNativeTarget "ManhattanProjectReed (macOS)" */ = {
			isa = XCConfigurationList;
			buildConfigurations = (
				2B3CF059281CD764004BC845 /* Debug */,
				2B3CF05A281CD764004BC845 /* Release */,
			);
			defaultConfigurationIsVisible = 0;
			defaultConfigurationName = Release;
		};
		2B3CF05B281CD764004BC845 /* Build configuration list for PBXNativeTarget "Tests iOS" */ = {
			isa = XCConfigurationList;
			buildConfigurations = (
				2B3CF05C281CD764004BC845 /* Debug */,
				2B3CF05D281CD764004BC845 /* Release */,
			);
			defaultConfigurationIsVisible = 0;
			defaultConfigurationName = Release;
		};
		2B3CF05E281CD764004BC845 /* Build configuration list for PBXNativeTarget "Tests macOS" */ = {
			isa = XCConfigurationList;
			buildConfigurations = (
				2B3CF05F281CD764004BC845 /* Debug */,
				2B3CF060281CD764004BC845 /* Release */,
			);
			defaultConfigurationIsVisible = 0;
			defaultConfigurationName = Release;
		};
/* End XCConfigurationList section */

/* Begin XCRemoteSwiftPackageReference section */
		2B3CF09E281CD8FD004BC845 /* XCRemoteSwiftPackageReference "core-plot" */ = {
			isa = XCRemoteSwiftPackageReference;
			repositoryURL = "http://github.com/core-plot/core-plot";
			requirement = {
				branch = "release-2.4";
				kind = branch;
			};
		};
/* End XCRemoteSwiftPackageReference section */

/* Begin XCSwiftPackageProductDependency section */
		2B3CF09F281CD8FD004BC845 /* CorePlot */ = {
			isa = XCSwiftPackageProductDependency;
			package = 2B3CF09E281CD8FD004BC845 /* XCRemoteSwiftPackageReference "core-plot" */;
			productName = CorePlot;
		};
		2B3CF0A2281CD92A004BC845 /* CorePlot */ = {
			isa = XCSwiftPackageProductDependency;
			package = 2B3CF09E281CD8FD004BC845 /* XCRemoteSwiftPackageReference "core-plot" */;
			productName = CorePlot;
		};
		2B3CF0A4281CD973004BC845 /* CorePlot */ = {
			isa = XCSwiftPackageProductDependency;
			package = 2B3CF09E281CD8FD004BC845 /* XCRemoteSwiftPackageReference "core-plot" */;
			productName = CorePlot;
		};
		2B3CF0A6281CD979004BC845 /* CorePlot */ = {
			isa = XCSwiftPackageProductDependency;
			package = 2B3CF09E281CD8FD004BC845 /* XCRemoteSwiftPackageReference "core-plot" */;
			productName = CorePlot;
		};
/* End XCSwiftPackageProductDependency section */
	};
	rootObject = 2B3CF020281CD762004BC845 /* Project object */;
}
